{
  "name": "untitled",
  "version": "0.0.0",
  "lockfileVersion": 1,
  "requires": true,
  "dependencies": {
    "@angular/animations": {
      "version": "4.4.7",
      "resolved": "http://registry.npm.taobao.org/@angular/animations/download/@angular/animations-4.4.7.tgz",
      "integrity": "sha1-TRCOicr+jQ0ZM4Xnqhs7AOgZmt4=",
      "requires": {
        "tslib": "^1.7.1"
      }
    },
    "@angular/cdk": {
      "version": "2.0.0-beta.12",
      "resolved": "http://registry.npm.taobao.org/@angular/cdk/download/@angular/cdk-2.0.0-beta.12.tgz",
      "integrity": "sha1-OiQ8tiuT9OA5EgunD5ANyeI1Yi4=",
      "requires": {
        "tslib": "^1.7.1"
      }
    },
    "@angular/common": {
      "version": "4.4.7",
      "resolved": "http://registry.npm.taobao.org/@angular/common/download/@angular/common-4.4.7.tgz",
      "integrity": "sha1-wv0+aKBfZhw9KgQP2tAK9BGbuFI=",
      "requires": {
        "tslib": "^1.7.1"
      }
    },
    "@angular/compiler": {
      "version": "4.4.7",
      "resolved": "http://registry.npm.taobao.org/@angular/compiler/download/@angular/compiler-4.4.7.tgz",
      "integrity": "sha1-yQsKjUUOHqGaWmAwnKA7CSWi8mk=",
      "requires": {
        "tslib": "^1.7.1"
      }
    },
    "@angular/core": {
      "version": "4.4.7",
      "resolved": "http://registry.npm.taobao.org/@angular/core/download/@angular/core-4.4.7.tgz",
      "integrity": "sha1-GL3Be+x73MtkJEAvyQVQ4VptIhs=",
      "requires": {
        "tslib": "^1.7.1"
      }
    },
    "@angular/forms": {
      "version": "4.4.7",
      "resolved": "http://registry.npm.taobao.org/@angular/forms/download/@angular/forms-4.4.7.tgz",
      "integrity": "sha1-+VA62PS9d6e6k3FK/qRsSUSId1g=",
      "requires": {
        "tslib": "^1.7.1"
      }
    },
    "@angular/http": {
      "version": "4.4.7",
      "resolved": "http://registry.npm.taobao.org/@angular/http/download/@angular/http-4.4.7.tgz",
      "integrity": "sha1-j6susSHNo4rZxWjlJo99aauLkE4=",
      "requires": {
        "tslib": "^1.7.1"
      }
    },
    "@angular/material": {
      "version": "2.0.0-beta.12",
      "resolved": "http://registry.npm.taobao.org/@angular/material/download/@angular/material-2.0.0-beta.12.tgz",
      "integrity": "sha1-cbbQt7AhiR5dDjaIwdS9eMdFf1g=",
      "requires": {
        "tslib": "^1.7.1"
      }
    },
    "@angular/platform-browser": {
      "version": "4.4.7",
      "resolved": "http://registry.npm.taobao.org/@angular/platform-browser/download/@angular/platform-browser-4.4.7.tgz",
      "integrity": "sha1-dtWvlDjWo0nqC1/pe9j74f3CFqk=",
      "requires": {
        "tslib": "^1.7.1"
      }
    },
    "@angular/platform-browser-dynamic": {
      "version": "4.4.7",
      "resolved": "http://registry.npm.taobao.org/@angular/platform-browser-dynamic/download/@angular/platform-browser-dynamic-4.4.7.tgz",
      "integrity": "sha1-wQZ29J3lrGBOMmy6RA/2pq9liP4=",
      "requires": {
        "tslib": "^1.7.1"
      }
    },
    "@angular/router": {
      "version": "4.4.7",
      "resolved": "http://registry.npm.taobao.org/@angular/router/download/@angular/router-4.4.7.tgz",
      "integrity": "sha1-tkKuAPX5P16GTz0rPnNVCc2BTAU=",
      "requires": {
        "tslib": "^1.7.1"
      }
    },
    "core-js": {
      "version": "2.5.7",
      "resolved": "http://registry.npm.taobao.org/core-js/download/core-js-2.5.7.tgz",
      "integrity": "sha1-+XJgj/DOrWi4QaFqky0LGDeRgU4="
    },
    "hammerjs": {
      "version": "2.0.8",
      "resolved": "http://registry.npm.taobao.org/hammerjs/download/hammerjs-2.0.8.tgz",
      "integrity": "sha1-BO93hiz/K7edMPdpIJWTAiK/YPE="
    },
    "rxjs": {
      "version": "5.5.12",
      "resolved": "http://registry.npm.taobao.org/rxjs/download/rxjs-5.5.12.tgz",
      "integrity": "sha1-b6YbinfD15PbrycL7i9D9lLXQcw=",
      "requires": {
        "symbol-observable": "1.0.1"
      }
    },
    "symbol-observable": {
      "version": "1.0.1",
      "resolved": "http://registry.npm.taobao.org/symbol-observable/download/symbol-observable-1.0.1.tgz",
      "integrity": "sha1-g0D8RwLDEi310iKI+IKD9RPT/dQ="
    },
    "tslib": {
      "version": "1.9.3",
      "resolved": "http://registry.npm.taobao.org/tslib/download/tslib-1.9.3.tgz",
      "integrity": "sha1-1+TdeSRdhUKMTX5IIqeZF5VMooY="
    },
    "zone.js": {
      "version": "0.8.26",
      "resolved": "http://registry.npm.taobao.org/zone.js/download/zone.js-0.8.26.tgz",
      "integrity": "sha1-e91y92aMWnrWsRgUi06jnFnQjS0="
    }
  }
}
